
Microsoft Visual Studio Solution File, Format Version 12.00
# Visual Studio 14
VisualStudioVersion = 14.0.25420.1
MinimumVisualStudioVersion = 10.0.40219.1
Project("{8BC9CEB8-8B4A-11D0-8D11-00A0C91BC942}") = "Lesson9BoardPost", "Lesson9BoardPost\Lesson9BoardPost.vcxproj", "{27DAF612-97B4-47B2-B637-6A184E9BBCED}"
EndProject
Global
	GlobalSection(SolutionConfigurationPlatforms) = preSolution
		Debug|x64 = Debug|x64
		Debug|x86 = Debug|x86
		Release|x64 = Release|x64
		Release|x86 = Release|x86
	EndGlobalSection
	GlobalSection(ProjectConfigurationPlatforms) = postSolution
		{27DAF612-97B4-47B2-B637-6A184E9BBCED}.Debug|x64.ActiveCfg = Debug|x64
		{27DAF612-97B4-47B2-B637-6A184E9BBCED}.Debug|x64.Build.0 = Debug|x64
		{27DAF612-97B4-47B2-B637-6A184E9BBCED}.Debug|x86.ActiveCfg = Debug|Win32
		{27DAF612-97B4-47B2-B637-6A184E9BBCED}.Debug|x86.Build.0 = Debug|Win32
		{27DAF612-97B4-47B2-B637-6A184E9BBCED}.Release|x64.ActiveCfg = Release|x64
		{27DAF612-97B4-47B2-B637-6A184E9BBCED}.Release|x64.Build.0 = Release|x64
		{27DAF612-97B4-47B2-B637-6A184E9BBCED}.Release|x86.ActiveCfg = Release|Win32
		{27DAF612-97B4-47B2-B637-6A184E9BBCED}.Release|x86.Build.0 = Release|Win32
	EndGlobalSection
	GlobalSection(SolutionProperties) = preSolution
		HideSolutionNode = FALSE
	EndGlobalSection
EndGlobal
